
Microsoft Visual Studio Solution File, Format Version 12.00
# Visual Studio Version 17
VisualStudioVersion = 17.14.37328.6 d17.14
MinimumVisualStudioVersion = 10.0.40219.1
Project("{FAE04EC0-301F-11D3-BF4B-00C04F79EFBC}") = "Calculator-App", "Calculator-App.csproj", "{A2BD5190-63AD-447F-B605-D8B00C861C16}"
EndProject
Global
	GlobalSection(SolutionConfigurationPlatforms) = preSolution
		Debug|Any CPU = Debug|Any CPU
		Release|Any CPU = Release|Any CPU
	EndGlobalSection
	GlobalSection(ProjectConfigurationPlatforms) = postSolution
		{A2BD5190-63AD-447F-B605-D8B00C861C16}.Debug|Any CPU.ActiveCfg = Debug|Any CPU
		{A2BD5190-63AD-447F-B605-D8B00C861C16}.Debug|Any CPU.Build.0 = Debug|Any CPU
		{A2BD5190-63AD-447F-B605-D8B00C861C16}.Release|Any CPU.ActiveCfg = Release|Any CPU
		{A2BD5190-63AD-447F-B605-D8B00C861C16}.Release|Any CPU.Build.0 = Release|Any CPU
	EndGlobalSection
	GlobalSection(SolutionProperties) = preSolution
		HideSolutionNode = FALSE
	EndGlobalSection
	GlobalSection(ExtensibilityGlobals) = postSolution
		SolutionGuid = {3B2CCE09-AFCA-4B2D-B616-0E8A28B587EB}
	EndGlobalSection
EndGlobal
